
Microsoft Visual Studio Solution File, Format Version 12.00
# Visual Studio Version 17
VisualStudioVersion = 17.13.35931.197 d17.13
MinimumVisualStudioVersion = 10.0.40219.1
Project("{FAE04EC0-301F-11D3-BF4B-00C04F79EFBC}") = "Front_Gestor_GYM", "Front_Gestor_GYM.csproj", "{A5594D5C-BC02-4FBE-B5E8-1652228DA818}"
EndProject
Global
	GlobalSection(SolutionConfigurationPlatforms) = preSolution
		Debug|Any CPU = Debug|Any CPU
		Release|Any CPU = Release|Any CPU
	EndGlobalSection
	GlobalSection(ProjectConfigurationPlatforms) = postSolution
		{A5594D5C-BC02-4FBE-B5E8-1652228DA818}.Debug|Any CPU.ActiveCfg = Debug|Any CPU
		{A5594D5C-BC02-4FBE-B5E8-1652228DA818}.Debug|Any CPU.Build.0 = Debug|Any CPU
		{A5594D5C-BC02-4FBE-B5E8-1652228DA818}.Release|Any CPU.ActiveCfg = Release|Any CPU
		{A5594D5C-BC02-4FBE-B5E8-1652228DA818}.Release|Any CPU.Build.0 = Release|Any CPU
	EndGlobalSection
	GlobalSection(SolutionProperties) = preSolution
		HideSolutionNode = FALSE
	EndGlobalSection
	GlobalSection(ExtensibilityGlobals) = postSolution
		SolutionGuid = {F07E7559-FE6E-41EA-A642-5D0F88DB7337}
	EndGlobalSection
EndGlobal
